
Microsoft Visual Studio Solution File, Format Version 12.00
# Visual Studio Version 17
VisualStudioVersion = 17.13.35931.197 d17.13
MinimumVisualStudioVersion = 10.0.40219.1
Project("{FAE04EC0-301F-11D3-BF4B-00C04F79EFBC}") = "cs_practice", "cs_practice\cs_practice.csproj", "{32AA32B0-9A57-4543-B23E-B93A911CAE54}"
EndProject
Global
	GlobalSection(SolutionConfigurationPlatforms) = preSolution
		Debug|Any CPU = Debug|Any CPU
		Release|Any CPU = Release|Any CPU
	EndGlobalSection
	GlobalSection(ProjectConfigurationPlatforms) = postSolution
		{32AA32B0-9A57-4543-B23E-B93A911CAE54}.Debug|Any CPU.ActiveCfg = Debug|Any CPU
		{32AA32B0-9A57-4543-B23E-B93A911CAE54}.Debug|Any CPU.Build.0 = Debug|Any CPU
		{32AA32B0-9A57-4543-B23E-B93A911CAE54}.Release|Any CPU.ActiveCfg = Release|Any CPU
		{32AA32B0-9A57-4543-B23E-B93A911CAE54}.Release|Any CPU.Build.0 = Release|Any CPU
	EndGlobalSection
	GlobalSection(SolutionProperties) = preSolution
		HideSolutionNode = FALSE
	EndGlobalSection
	GlobalSection(ExtensibilityGlobals) = postSolution
		SolutionGuid = {A0FC290C-43AC-459D-8C3F-E11C88213AC8}
	EndGlobalSection
EndGlobal
