
Microsoft Visual Studio Solution File, Format Version 12.00
# Visual Studio Version 17
VisualStudioVersion = 17.13.35931.197 d17.13
MinimumVisualStudioVersion = 10.0.40219.1
Project("{FAE04EC0-301F-11D3-BF4B-00C04F79EFBC}") = "easy_game", "easy_game\easy_game.csproj", "{8B75193F-36DC-4ECD-8E0B-0FA1C06C795C}"
EndProject
Global
	GlobalSection(SolutionConfigurationPlatforms) = preSolution
		Debug|Any CPU = Debug|Any CPU
		Release|Any CPU = Release|Any CPU
	EndGlobalSection
	GlobalSection(ProjectConfigurationPlatforms) = postSolution
		{8B75193F-36DC-4ECD-8E0B-0FA1C06C795C}.Debug|Any CPU.ActiveCfg = Debug|Any CPU
		{8B75193F-36DC-4ECD-8E0B-0FA1C06C795C}.Debug|Any CPU.Build.0 = Debug|Any CPU
		{8B75193F-36DC-4ECD-8E0B-0FA1C06C795C}.Release|Any CPU.ActiveCfg = Release|Any CPU
		{8B75193F-36DC-4ECD-8E0B-0FA1C06C795C}.Release|Any CPU.Build.0 = Release|Any CPU
	EndGlobalSection
	GlobalSection(SolutionProperties) = preSolution
		HideSolutionNode = FALSE
	EndGlobalSection
	GlobalSection(ExtensibilityGlobals) = postSolution
		SolutionGuid = {366A110D-9BD1-4651-8EA3-2DA0F4215FE4}
	EndGlobalSection
EndGlobal
